
Microsoft Visual Studio Solution File, Format Version 12.00
# Visual Studio Version 16
VisualStudioVersion = 16.0.31829.152
MinimumVisualStudioVersion = 10.0.40219.1
Project("{FAE04EC0-301F-11D3-BF4B-00C04F79EFBC}") = "PM02LAB2EJ1.Android", "PM02LAB2EJ1\PM02LAB2EJ1.Android\PM02LAB2EJ1.Android.csproj", "{EE4F5F70-82B0-40BF-8B7F-9DAE0A096AF7}"
EndProject
Project("{FAE04EC0-301F-11D3-BF4B-00C04F79EFBC}") = "PM02LAB2EJ1", "PM02LAB2EJ1\PM02LAB2EJ1\PM02LAB2EJ1.csproj", "{C4612D85-6B1E-4765-8E90-90A7F5E3BBCB}"
EndProject
Global
	GlobalSection(SolutionConfigurationPlatforms) = preSolution
		Debug|Any CPU = Debug|Any CPU
		Release|Any CPU = Release|Any CPU
	EndGlobalSection
	GlobalSection(ProjectConfigurationPlatforms) = postSolution
		{EE4F5F70-82B0-40BF-8B7F-9DAE0A096AF7}.Debug|Any CPU.ActiveCfg = Debug|Any CPU
		{EE4F5F70-82B0-40BF-8B7F-9DAE0A096AF7}.Debug|Any CPU.Build.0 = Debug|Any CPU
		{EE4F5F70-82B0-40BF-8B7F-9DAE0A096AF7}.Debug|Any CPU.Deploy.0 = Debug|Any CPU
		{EE4F5F70-82B0-40BF-8B7F-9DAE0A096AF7}.Release|Any CPU.ActiveCfg = Release|Any CPU
		{EE4F5F70-82B0-40BF-8B7F-9DAE0A096AF7}.Release|Any CPU.Build.0 = Release|Any CPU
		{EE4F5F70-82B0-40BF-8B7F-9DAE0A096AF7}.Release|Any CPU.Deploy.0 = Release|Any CPU
		{C4612D85-6B1E-4765-8E90-90A7F5E3BBCB}.Debug|Any CPU.ActiveCfg = Debug|Any CPU
		{C4612D85-6B1E-4765-8E90-90A7F5E3BBCB}.Debug|Any CPU.Build.0 = Debug|Any CPU
		{C4612D85-6B1E-4765-8E90-90A7F5E3BBCB}.Debug|Any CPU.Deploy.0 = Debug|Any CPU
		{C4612D85-6B1E-4765-8E90-90A7F5E3BBCB}.Release|Any CPU.ActiveCfg = Release|Any CPU
		{C4612D85-6B1E-4765-8E90-90A7F5E3BBCB}.Release|Any CPU.Build.0 = Release|Any CPU
		{C4612D85-6B1E-4765-8E90-90A7F5E3BBCB}.Release|Any CPU.Deploy.0 = Release|Any CPU
	EndGlobalSection
	GlobalSection(SolutionProperties) = preSolution
		HideSolutionNode = FALSE
	EndGlobalSection
	GlobalSection(ExtensibilityGlobals) = postSolution
		SolutionGuid = {18192E07-0FEE-4913-8FFC-69AF6C3C8B53}
	EndGlobalSection
EndGlobal
